
Microsoft Visual Studio Solution File, Format Version 12.00
# Visual Studio Version 16
VisualStudioVersion = 16.0.32002.261
MinimumVisualStudioVersion = 10.0.40219.1
Project("{FAE04EC0-301F-11D3-BF4B-00C04F79EFBC}") = "SuperMakret", "SuperMakret.csproj", "{AEA7648B-EA19-4DE8-8AC4-7298A30B3928}"
EndProject
Global
	GlobalSection(SolutionConfigurationPlatforms) = preSolution
		Debug|Any CPU = Debug|Any CPU
		Release|Any CPU = Release|Any CPU
	EndGlobalSection
	GlobalSection(ProjectConfigurationPlatforms) = postSolution
		{AEA7648B-EA19-4DE8-8AC4-7298A30B3928}.Debug|Any CPU.ActiveCfg = Debug|Any CPU
		{AEA7648B-EA19-4DE8-8AC4-7298A30B3928}.Debug|Any CPU.Build.0 = Debug|Any CPU
		{AEA7648B-EA19-4DE8-8AC4-7298A30B3928}.Release|Any CPU.ActiveCfg = Release|Any CPU
		{AEA7648B-EA19-4DE8-8AC4-7298A30B3928}.Release|Any CPU.Build.0 = Release|Any CPU
	EndGlobalSection
	GlobalSection(SolutionProperties) = preSolution
		HideSolutionNode = FALSE
	EndGlobalSection
	GlobalSection(ExtensibilityGlobals) = postSolution
		SolutionGuid = {7DBA7CA1-4C24-4B13-B718-502F76F19B9D}
	EndGlobalSection
EndGlobal
